// !$*UTF8*$!
{
	archiveVersion = 1;
	classes = {
	};
	objectVersion = 50;
	objects = {

/* Begin PBXBuildFile section */
		1CB7764923D26DCF00F8D21F /* AppDelegate.swift in Sources */ = {isa = PBXBuildFile; fileRef = 1CB7764823D26DCF00F8D21F /* AppDelegate.swift */; };
		1CB7764B23D26DCF00F8D21F /* SceneDelegate.swift in Sources */ = {isa = PBXBuildFile; fileRef = 1CB7764A23D26DCF00F8D21F /* SceneDelegate.swift */; };
		1CB7764D23D26DCF00F8D21F /* ViewController.swift in Sources */ = {isa = PBXBuildFile; fileRef = 1CB7764C23D26DCF00F8D21F /* ViewController.swift */; };
		1CB7765023D26DCF00F8D21F /* Main.storyboard in Resources */ = {isa = PBXBuildFile; fileRef = 1CB7764E23D26DCF00F8D21F /* Main.storyboard */; };
		1CB7765223D26DD100F8D21F /* Assets.xcassets in Resources */ = {isa = PBXBuildFile; fileRef = 1CB7765123D26DD100F8D21F /* Assets.xcassets */; };
		1CB7765523D26DD100F8D21F /* LaunchScreen.storyboard in Resources */ = {isa = PBXBuildFile; fileRef = 1CB7765323D26DD100F8D21F /* LaunchScreen.storyboard */; };
		1CB7765E23D26E1400F8D21F /* CityTableViewController.swift in Sources */ = {isa = PBXBuildFile; fileRef = 1CB7765D23D26E1400F8D21F /* CityTableViewController.swift */; };
		1CB7766423D2709100F8D21F /* SwiftyJSON.swift in Sources */ = {isa = PBXBuildFile; fileRef = 1CB7766223D2709100F8D21F /* SwiftyJSON.swift */; };
		1CB7766623D2710B00F8D21F /* WeatherURLManager.swift in Sources */ = {isa = PBXBuildFile; fileRef = 1CB7766523D2710B00F8D21F /* WeatherURLManager.swift */; };
		1CB7766823D274F100F8D21F /* CityTableViewCell.swift in Sources */ = {isa = PBXBuildFile; fileRef = 1CB7766723D274F100F8D21F /* CityTableViewCell.swift */; };
/* End PBXBuildFile section */

/* Begin PBXFileReference section */
		1CB7764523D26DCF00F8D21F /* weather app.app */ = {isa = PBXFileReference; explicitFileType = wrapper.application; includeInIndex = 0; path = "weather app.app"; sourceTree = BUILT_PRODUCTS_DIR; };
		1CB7764823D26DCF00F8D21F /* AppDelegate.swift */ = {isa = PBXFileReference; lastKnownFileType = sourcecode.swift; path = AppDelegate.swift; sourceTree = "<group>"; };
		1CB7764A23D26DCF00F8D21F /* SceneDelegate.swift */ = {isa = PBXFileReference; lastKnownFileType = sourcecode.swift; path = SceneDelegate.swift; sourceTree = "<group>"; };
		1CB7764C23D26DCF00F8D21F /* ViewController.swift */ = {isa = PBXFileReference; lastKnownFileType = sourcecode.swift; path = ViewController.swift; sourceTree = "<group>"; };
		1CB7764F23D26DCF00F8D21F /* Base */ = {isa = PBXFileReference; lastKnownFileType = file.storyboard; name = Base; path = Base.lproj/Main.storyboard; sourceTree = "<group>"; };
		1CB7765123D26DD100F8D21F /* Assets.xcassets */ = {isa = PBXFileReference; lastKnownFileType = folder.assetcatalog; path = Assets.xcassets; sourceTree = "<group>"; };
		1CB7765423D26DD100F8D21F /* Base */ = {isa = PBXFileReference; lastKnownFileType = file.storyboard; name = Base; path = Base.lproj/LaunchScreen.storyboard; sourceTree = "<group>"; };
		1CB7765623D26DD100F8D21F /* Info.plist */ = {isa = PBXFileReference; lastKnownFileType = text.plist.xml; path = Info.plist; sourceTree = "<group>"; };
		1CB7765D23D26E1400F8D21F /* CityTableViewController.swift */ = {isa = PBXFileReference; lastKnownFileType = sourcecode.swift; path = CityTableViewController.swift; sourceTree = "<group>"; };
		1CB7766223D2709100F8D21F /* SwiftyJSON.swift */ = {isa = PBXFileReference; fileEncoding = 4; lastKnownFileType = sourcecode.swift; path = SwiftyJSON.swift; sourceTree = "<group>"; };
		1CB7766323D2709100F8D21F /* SwiftyJSON.h */ = {isa = PBXFileReference; fileEncoding = 4; lastKnownFileType = sourcecode.c.h; path = SwiftyJSON.h; sourceTree = "<group>"; };
		1CB7766523D2710B00F8D21F /* WeatherURLManager.swift */ = {isa = PBXFileReference; lastKnownFileType = sourcecode.swift; path = WeatherURLManager.swift; sourceTree = "<group>"; };
		1CB7766723D274F100F8D21F /* CityTableViewCell.swift */ = {isa = PBXFileReference; lastKnownFileType = sourcecode.swift; path = CityTableViewCell.swift; sourceTree = "<group>"; };
/* End PBXFileReference section */

/* Begin PBXFrameworksBuildPhase section */
		1CB7764223D26DCF00F8D21F /* Frameworks */ = {
			isa = PBXFrameworksBuildPhase;
			buildActionMask = 2147483647;
			files = (
			);
			runOnlyForDeploymentPostprocessing = 0;
		};
/* End PBXFrameworksBuildPhase section */

/* Begin PBXGroup section */
		1CB7763C23D26DCF00F8D21F = {
			isa = PBXGroup;
			children = (
				1CB7764723D26DCF00F8D21F /* weather app */,
				1CB7764623D26DCF00F8D21F /* Products */,
			);
			sourceTree = "<group>";
		};
		1CB7764623D26DCF00F8D21F /* Products */ = {
			isa = PBXGroup;
			children = (
				1CB7764523D26DCF00F8D21F /* weather app.app */,
			);
			name = Products;
			sourceTree = "<group>";
		};
		1CB7764723D26DCF00F8D21F /* weather app */ = {
			isa = PBXGroup;
			children = (
				1CB7765C23D26DE900F8D21F /* Controllenr */,
				1CB7764823D26DCF00F8D21F /* AppDelegate.swift */,
				1CB7764A23D26DCF00F8D21F /* SceneDelegate.swift */,
				1CB7766323D2709100F8D21F /* SwiftyJSON.h */,
				1CB7766223D2709100F8D21F /* SwiftyJSON.swift */,
				1CB7764E23D26DCF00F8D21F /* Main.storyboard */,
				1CB7765123D26DD100F8D21F /* Assets.xcassets */,
				1CB7765323D26DD100F8D21F /* LaunchScreen.storyboard */,
				1CB7765623D26DD100F8D21F /* Info.plist */,
				1CB7766523D2710B00F8D21F /* WeatherURLManager.swift */,
			);
			path = "weather app";
			sourceTree = "<group>";
		};
		1CB7765C23D26DE900F8D21F /* Controllenr */ = {
			isa = PBXGroup;
			children = (
				1CB7764C23D26DCF00F8D21F /* ViewController.swift */,
				1CB7765D23D26E1400F8D21F /* CityTableViewController.swift */,
				1CB7766723D274F100F8D21F /* CityTableViewCell.swift */,
			);
			path = Controllenr;
			sourceTree = "<group>";
		};
/* End PBXGroup section */

/* Begin PBXNativeTarget section */
		1CB7764423D26DCF00F8D21F /* weather app */ = {
			isa = PBXNativeTarget;
			buildConfigurationList = 1CB7765923D26DD100F8D21F /* Build configuration list for PBXNativeTarget "weather app" */;
			buildPhases = (
				1CB7764123D26DCF00F8D21F /* Sources */,
				1CB7764223D26DCF00F8D21F /* Frameworks */,
				1CB7764323D26DCF00F8D21F /* Resources */,
			);
			buildRules = (
			);
			dependencies = (
			);
			name = "weather app";
			productName = "weather app";
			productReference = 1CB7764523D26DCF00F8D21F /* weather app.app */;
			productType = "com.apple.product-type.application";
		};
/* End PBXNativeTarget section */

/* Begin PBXProject section */
		1CB7763D23D26DCF00F8D21F /* Project object */ = {
			isa = PBXProject;
			attributes = {
				LastSwiftUpdateCheck = 1130;
				LastUpgradeCheck = 1130;
				ORGANIZATIONNAME = mohammadkiani;
				TargetAttributes = {
					1CB7764423D26DCF00F8D21F = {
						CreatedOnToolsVersion = 11.3;
					};
				};
			};
			buildConfigurationList = 1CB7764023D26DCF00F8D21F /* Build configuration list for PBXProject "weather app" */;
			compatibilityVersion = "Xcode 9.3";
			developmentRegion = en;
			hasScannedForEncodings = 0;
			knownRegions = (
				en,
				Base,
			);
			mainGroup = 1CB7763C23D26DCF00F8D21F;
			productRefGroup = 1CB7764623D26DCF00F8D21F /* Products */;
			projectDirPath = "";
			projectRoot = "";
			targets = (
				1CB7764423D26DCF00F8D21F /* weather app */,
			);
		};
/* End PBXProject section */

/* Begin PBXResourcesBuildPhase section */
		1CB7764323D26DCF00F8D21F /* Resources */ = {
			isa = PBXResourcesBuildPhase;
			buildActionMask = 2147483647;
			files = (
				1CB7765523D26DD100F8D21F /* LaunchScreen.storyboard in Resources */,
				1CB7765223D26DD100F8D21F /* Assets.xcassets in Resources */,
				1CB7765023D26DCF00F8D21F /* Main.storyboard in Resources */,
			);
			runOnlyForDeploymentPostprocessing = 0;
		};
/* End PBXResourcesBuildPhase section */

/* Begin PBXSourcesBuildPhase section */
		1CB7764123D26DCF00F8D21F /* Sources */ = {
			isa = PBXSourcesBuildPhase;
			buildActionMask = 2147483647;
			files = (
				1CB7765E23D26E1400F8D21F /* CityTableViewController.swift in Sources */,
				1CB7766823D274F100F8D21F /* CityTableViewCell.swift in Sources */,
				1CB7764D23D26DCF00F8D21F /* ViewController.swift in Sources */,
				1CB7766623D2710B00F8D21F /* WeatherURLManager.swift in Sources */,
				1CB7764923D26DCF00F8D21F /* AppDelegate.swift in Sources */,
				1CB7766423D2709100F8D21F /* SwiftyJSON.swift in Sources */,
				1CB7764B23D26DCF00F8D21F /* SceneDelegate.swift in Sources */,
			);
			runOnlyForDeploymentPostprocessing = 0;
		};
/* End PBXSourcesBuildPhase section */

/* Begin PBXVariantGroup section */
		1CB7764E23D26DCF00F8D21F /* Main.storyboard */ = {
			isa = PBXVariantGroup;
			children = (
				1CB7764F23D26DCF00F8D21F /* Base */,
			);
			name = Main.storyboard;
			sourceTree = "<group>";
		};
		1CB7765323D26DD100F8D21F /* LaunchScreen.storyboard */ = {
			isa = PBXVariantGroup;
			children = (
				1CB7765423D26DD100F8D21F /* Base */,
			);
			name = LaunchScreen.storyboard;
			sourceTree = "<group>";
		};
/* End PBXVariantGroup section */

/* Begin XCBuildConfiguration section */
		1CB7765723D26DD100F8D21F /* Debug */ = {
			isa = XCBuildConfiguration;
			buildSettings = {
				ALWAYS_SEARCH_USER_PATHS = NO;
				CLANG_ANALYZER_NONNULL = YES;
				CLANG_ANALYZER_NUMBER_OBJECT_CONVERSION = YES_AGGRESSIVE;
				CLANG_CXX_LANGUAGE_STANDARD = "gnu++14";
				CLANG_CXX_LIBRARY = "libc++";
				CLANG_ENABLE_MODULES = YES;
				CLANG_ENABLE_OBJC_ARC = YES;
				CLANG_ENABLE_OBJC_WEAK = YES;
				CLANG_WARN_BLOCK_CAPTURE_AUTORELEASING = YES;
				CLANG_WARN_BOOL_CONVERSION = YES;
				CLANG_WARN_COMMA = YES;
				CLANG_WARN_CONSTANT_CONVERSION = YES;
				CLANG_WARN_DEPRECATED_OBJC_IMPLEMENTATIONS = YES;
				CLANG_WARN_DIRECT_OBJC_ISA_USAGE = YES_ERROR;
				CLANG_WARN_DOCUMENTATION_COMMENTS = YES;
				CLANG_WARN_EMPTY_BODY = YES;
				CLANG_WARN_ENUM_CONVERSION = YES;
				CLANG_WARN_INFINITE_RECURSION = YES;
				CLANG_WARN_INT_CONVERSION = YES;
				CLANG_WARN_NON_LITERAL_NULL_CONVERSION = YES;
				CLANG_WARN_OBJC_IMPLICIT_RETAIN_SELF = YES;
				CLANG_WARN_OBJC_LITERAL_CONVERSION = YES;
				CLANG_WARN_OBJC_ROOT_CLASS = YES_ERROR;
				CLANG_WARN_RANGE_LOOP_ANALYSIS = YES;
				CLANG_WARN_STRICT_PROTOTYPES = YES;
				CLANG_WARN_SUSPICIOUS_MOVE = YES;
				CLANG_WARN_UNGUARDED_AVAILABILITY = YES_AGGRESSIVE;
				CLANG_WARN_UNREACHABLE_CODE = YES;
				CLANG_WARN__DUPLICATE_METHOD_MATCH = YES;
				COPY_PHASE_STRIP = NO;
				DEBUG_INFORMATION_FORMAT = dwarf;
				ENABLE_STRICT_OBJC_MSGSEND = YES;
				ENABLE_TESTABILITY = YES;
				GCC_C_LANGUAGE_STANDARD = gnu11;
				GCC_DYNAMIC_NO_PIC = NO;
				GCC_NO_COMMON_BLOCKS = YES;
				GCC_OPTIMIZATION_LEVEL = 0;
				GCC_PREPROCESSOR_DEFINITIONS = (
					"DEBUG=1",
					"$(inherited)",
				);
				GCC_WARN_64_TO_32_BIT_CONVERSION = YES;
				GCC_WARN_ABOUT_RETURN_TYPE = YES_ERROR;
				GCC_WARN_UNDECLARED_SELECTOR = YES;
				GCC_WARN_UNINITIALIZED_AUTOS = YES_AGGRESSIVE;
				GCC_WARN_UNUSED_FUNCTION = YES;
				GCC_WARN_UNUSED_VARIABLE = YES;
				IPHONEOS_DEPLOYMENT_TARGET = 13.2;
				MTL_ENABLE_DEBUG_INFO = INCLUDE_SOURCE;
				MTL_FAST_MATH = YES;
				ONLY_ACTIVE_ARCH = YES;
				SDKROOT = iphoneos;
				SWIFT_ACTIVE_COMPILATION_CONDITIONS = DEBUG;
				SWIFT_OPTIMIZATION_LEVEL = "-Onone";
			};
			name = Debug;
		};
		1CB7765823D26DD100F8D21F /* Release */ = {
			isa = XCBuildConfiguration;
			buildSettings = {
				ALWAYS_SEARCH_USER_PATHS = NO;
				CLANG_ANALYZER_NONNULL = YES;
				CLANG_ANALYZER_NUMBER_OBJECT_CONVERSION = YES_AGGRESSIVE;
				CLANG_CXX_LANGUAGE_STANDARD = "gnu++14";
				CLANG_CXX_LIBRARY = "libc++";
				CLANG_ENABLE_MODULES = YES;
				CLANG_ENABLE_OBJC_ARC = YES;
				CLANG_ENABLE_OBJC_WEAK = YES;
				CLANG_WARN_BLOCK_CAPTURE_AUTORELEASING = YES;
				CLANG_WARN_BOOL_CONVERSION = YES;
				CLANG_WARN_COMMA = YES;
				CLANG_WARN_CONSTANT_CONVERSION = YES;
				CLANG_WARN_DEPRECATED_OBJC_IMPLEMENTATIONS = YES;
				CLANG_WARN_DIRECT_OBJC_ISA_USAGE = YES_ERROR;
				CLANG_WARN_DOCUMENTATION_COMMENTS = YES;
				CLANG_WARN_EMPTY_BODY = YES;
				CLANG_WARN_ENUM_CONVERSION = YES;
				CLANG_WARN_INFINITE_RECURSION = YES;
				CLANG_WARN_INT_CONVERSION = YES;
				CLANG_WARN_NON_LITERAL_NULL_CONVERSION = YES;
				CLANG_WARN_OBJC_IMPLICIT_RETAIN_SELF = YES;
				CLANG_WARN_OBJC_LITERAL_CONVERSION = YES;
				CLANG_WARN_OBJC_ROOT_CLASS = YES_ERROR;
				CLANG_WARN_RANGE_LOOP_ANALYSIS = YES;
				CLANG_WARN_STRICT_PROTOTYPES = YES;
				CLANG_WARN_SUSPICIOUS_MOVE = YES;
				CLANG_WARN_UNGUARDED_AVAILABILITY = YES_AGGRESSIVE;
				CLANG_WARN_UNREACHABLE_CODE = YES;
				CLANG_WARN__DUPLICATE_METHOD_MATCH = YES;
				COPY_PHASE_STRIP = NO;
				DEBUG_INFORMATION_FORMAT = "dwarf-with-dsym";
				ENABLE_NS_ASSERTIONS = NO;
				ENABLE_STRICT_OBJC_MSGSEND = YES;
				GCC_C_LANGUAGE_STANDARD = gnu11;
				GCC_NO_COMMON_BLOCKS = YES;
				GCC_WARN_64_TO_32_BIT_CONVERSION = YES;
				GCC_WARN_ABOUT_RETURN_TYPE = YES_ERROR;
				GCC_WARN_UNDECLARED_SELECTOR = YES;
				GCC_WARN_UNINITIALIZED_AUTOS = YES_AGGRESSIVE;
				GCC_WARN_UNUSED_FUNCTION = YES;
				GCC_WARN_UNUSED_VARIABLE = YES;
				IPHONEOS_DEPLOYMENT_TARGET = 13.2;
				MTL_ENABLE_DEBUG_INFO = NO;
				MTL_FAST_MATH = YES;
				SDKROOT = iphoneos;
				SWIFT_COMPILATION_MODE = wholemodule;
				SWIFT_OPTIMIZATION_LEVEL = "-O";
				VALIDATE_PRODUCT = YES;
			};
			name = Release;
		};
		1CB7765A23D26DD100F8D21F /* Debug */ = {
			isa = XCBuildConfiguration;
			buildSettings = {
				ASSETCATALOG_COMPILER_APPICON_NAME = AppIcon;
				CODE_SIGN_STYLE = Automatic;
				DEVELOPMENT_TEAM = 439A5LJCX9;
				INFOPLIST_FILE = "weather app/Info.plist";
				LD_RUNPATH_SEARCH_PATHS = (
					"$(inherited)",
					"@executable_path/Frameworks",
				);
				PRODUCT_BUNDLE_IDENTIFIER = "com.mohammadkiani.weather-app";
				PRODUCT_NAME = "$(TARGET_NAME)";
				SWIFT_VERSION = 5.0;
				TARGETED_DEVICE_FAMILY = "1,2";
			};
			name = Debug;
		};
		1CB7765B23D26DD100F8D21F /* Release */ = {
			isa = XCBuildConfiguration;
			buildSettings = {
				ASSETCATALOG_COMPILER_APPICON_NAME = AppIcon;
				CODE_SIGN_STYLE = Automatic;
				DEVELOPMENT_TEAM = 439A5LJCX9;
				INFOPLIST_FILE = "weather app/Info.plist";
				LD_RUNPATH_SEARCH_PATHS = (
					"$(inherited)",
					"@executable_path/Frameworks",
				);
				PRODUCT_BUNDLE_IDENTIFIER = "com.mohammadkiani.weather-app";
				PRODUCT_NAME = "$(TARGET_NAME)";
				SWIFT_VERSION = 5.0;
				TARGETED_DEVICE_FAMILY = "1,2";
			};
			name = Release;
		};
/* End XCBuildConfiguration section */

/* Begin XCConfigurationList section */
		1CB7764023D26DCF00F8D21F /* Build configuration list for PBXProject "weather app" */ = {
			isa = XCConfigurationList;
			buildConfigurations = (
				1CB7765723D26DD100F8D21F /* Debug */,
				1CB7765823D26DD100F8D21F /* Release */,
			);
			defaultConfigurationIsVisible = 0;
			defaultConfigurationName = Release;
		};
		1CB7765923D26DD100F8D21F /* Build configuration list for PBXNativeTarget "weather app" */ = {
			isa = XCConfigurationList;
			buildConfigurations = (
				1CB7765A23D26DD100F8D21F /* Debug */,
				1CB7765B23D26DD100F8D21F /* Release */,
			);
			defaultConfigurationIsVisible = 0;
			defaultConfigurationName = Release;
		};
/* End XCConfigurationList section */
	};
	rootObject = 1CB7763D23D26DCF00F8D21F /* Project object */;
}
